{
  "version": 4,
  "terraform_version": "1.5.6",
  "serial": 27,
  "lineage": "49314eb6-33a7-302e-0e95-3caae2b07c44",
  "outputs": {},
  "resources": [
    {
      "mode": "managed",
      "type": "google_compute_firewall",
      "name": "jenkins-firewall",
      "provider": "provider[\"registry.terraform.io/hashicorp/google\"]",
      "instances": [
        {
          "schema_version": 1,
          "attributes": {
            "allow": [
              {
                "ports": [
                  "22",
                  "80",
                  "443",
                  "8080",
                  "50000"
                ],
                "protocol": "tcp"
              }
            ],
            "creation_timestamp": "2025-06-22T16:19:19.909-07:00",
            "deny": [],
            "description": "",
            "destination_ranges": [],
            "direction": "INGRESS",
            "disabled": false,
            "enable_logging": null,
            "id": "projects/fsds-461704/global/firewalls/jenkins-asl-firewall",
            "log_config": [],
            "name": "jenkins-asl-firewall",
            "network": "https://www.googleapis.com/compute/v1/projects/fsds-461704/global/networks/default",
            "priority": 1000,
            "project": "fsds-461704",
            "self_link": "https://www.googleapis.com/compute/v1/projects/fsds-461704/global/firewalls/jenkins-asl-firewall",
            "source_ranges": [
              "0.0.0.0/0"
            ],
            "source_service_accounts": [],
            "source_tags": [],
            "target_service_accounts": [],
            "target_tags": [
              "jenkins"
            ],
            "timeouts": null
          },
          "sensitive_attributes": [],
          "private": "eyJlMmJmYjczMC1lY2FhLTExZTYtOGY4OC0zNDM2M2JjN2M0YzAiOnsiY3JlYXRlIjoxMjAwMDAwMDAwMDAwLCJkZWxldGUiOjEyMDAwMDAwMDAwMDAsInVwZGF0ZSI6MTIwMDAwMDAwMDAwMH0sInNjaGVtYV92ZXJzaW9uIjoiMSJ9"
        }
      ]
    },
    {
      "mode": "managed",
      "type": "google_compute_instance",
      "name": "asl-jenkins",
      "provider": "provider[\"registry.terraform.io/hashicorp/google\"]",
      "instances": [
        {
          "schema_version": 6,
          "attributes": {
            "advanced_machine_features": [],
            "allow_stopping_for_update": null,
            "attached_disk": [],
            "boot_disk": [
              {
                "auto_delete": true,
                "device_name": "persistent-disk-0",
                "disk_encryption_key_raw": "",
                "disk_encryption_key_sha256": "",
                "initialize_params": [
                  {
                    "image": "https://www.googleapis.com/compute/v1/projects/ubuntu-os-cloud/global/images/ubuntu-2204-jammy-v20250615",
                    "labels": {},
                    "resource_manager_tags": {},
                    "size": 50,
                    "type": "pd-standard"
                  }
                ],
                "kms_key_self_link": "",
                "mode": "READ_WRITE",
                "source": "https://www.googleapis.com/compute/v1/projects/fsds-461704/zones/us-central1-a/disks/jenkins-asl"
              }
            ],
            "can_ip_forward": false,
            "confidential_instance_config": [],
            "cpu_platform": "Intel Broadwell",
            "current_status": "RUNNING",
            "deletion_protection": false,
            "description": "",
            "desired_status": null,
            "enable_display": false,
            "guest_accelerator": [],
            "hostname": "",
            "id": "projects/fsds-461704/zones/us-central1-a/instances/jenkins-asl",
            "instance_id": "2789829485161415555",
            "label_fingerprint": "42WmSpB8rSM=",
            "labels": {},
            "machine_type": "e2-standard-2",
            "metadata": {
              "ssh-keys": "ssh-ed25519 AAAAC3NzaC1lZDI1NTE5AAAAIL0JgZppA0ZwYJNqqOHTdV6DQco8B7Wp0uAanx1DGqdV thong@thong-ROG-Strix-G533ZW-G533ZW",
              "startup-script": "#!/bin/bash\n\n# -----------------------------\n# Install Docker\n# -----------------------------\necho \"Installing Docker...\" \u003e\u003e /var/log/startup-script.log\nsudo apt-get update\nsudo apt-get install -y docker.io\n\n# -----------------------------\n# Install Jenkins\n# -----------------------------\nsudo apt update\nsudo apt install -y openjdk-17-jdk curl gnupg2\n\n# Add Jenkins key and source list\ncurl -fsSL https://pkg.jenkins.io/debian-stable/jenkins.io-2023.key | sudo tee \\\n  /usr/share/keyrings/jenkins-keyring.asc \u003e /dev/null\n\necho deb [signed-by=/usr/share/keyrings/jenkins-keyring.asc] \\\n  https://pkg.jenkins.io/debian-stable binary/ | sudo tee \\\n  /etc/apt/sources.list.d/jenkins.list \u003e /dev/null\n\n# Install Jenkins\nsudo apt update\nsudo apt install -y jenkins\n\n# # Change Jenkins default port from 8080 to 8081\n# sudo sed -i 's/HTTP_PORT=8080/HTTP_PORT=8081/' /etc/default/jenkins\n\n# Enable and start Jenkins\nsudo systemctl enable jenkins\nsudo systemctl restart jenkins\n\n# Add Jenkins user to docker group\nsudo usermod -aG docker jenkins\nsudo systemctl restart jenkins\n\n# -----------------------------\n# Install Google Cloud SDK and GKE Auth Plugin\n# -----------------------------\necho \"Installing Google Cloud SDK...\" \u003e\u003e /var/log/startup-script.log\ncurl -sSL https://sdk.cloud.google.com | bash -s -- --disable-prompts\n\n# Optional: Add gcloud to PATH manually if needed\necho 'source \"$HOME/google-cloud-sdk/path.bash.inc\"' \u003e\u003e ~/.bashrc\nsource \"$HOME/google-cloud-sdk/path.bash.inc\"\n\n# Install GKE Auth Plugin\nsudo apt-get update\ncurl https://packages.cloud.google.com/apt/doc/apt-key.gpg | sudo gpg --dearmor -o /usr/share/keyrings/cloud.google.gpg\necho \"deb [signed-by=/usr/share/keyrings/cloud.google.gpg] https://packages.cloud.google.com/apt cloud-sdk main\" | sudo tee -a /etc/apt/sources.list.d/google-cloud-sdk.list\nsudo apt-get update\nsudo apt-get install google-cloud-sdk-gke-gcloud-auth-plugin\necho \"GKE Auth Plugin installed $(gke-gcloud-auth-plugin --version)\" \u003e\u003e /var/log/startup-script.log\n\n# -----------------------------\n# Install kubectl\n# -----------------------------\necho \"Installing kubectl...\" \u003e\u003e /var/log/startup-script.log\ncurl -LO https://storage.googleapis.com/kubernetes-release/release/$(curl -s https://storage.googleapis.com/kubernetes-release/release/stable.txt)/bin/linux/amd64/kubectl\nchmod +x ./kubectl\nsudo mv ./kubectl /usr/local/bin/kubectl\n\n# -----------------------------\n# Install Helm\n# -----------------------------\necho \"Installing Helm...\" \u003e\u003e /var/log/startup-script.log\ncurl -fsSL -o get_helm.sh https://raw.githubusercontent.com/helm/helm/main/scripts/get-helm-3\nchmod 700 get_helm.sh\n./get_helm.sh \u003e\u003e /var/log/startup-script.log 2\u003e\u00261\n\n# -----------------------------\n# Log completion\n# -----------------------------\necho \"Startup script completed successfully\" \u003e\u003e /var/log/startup-script.log"
            },
            "metadata_fingerprint": "D3olJgvFLFU=",
            "metadata_startup_script": null,
            "min_cpu_platform": "",
            "name": "jenkins-asl",
            "network_interface": [
              {
                "access_config": [
                  {
                    "nat_ip": "34.171.3.63",
                    "network_tier": "PREMIUM",
                    "public_ptr_domain_name": ""
                  }
                ],
                "alias_ip_range": [],
                "internal_ipv6_prefix_length": 0,
                "ipv6_access_config": [],
                "ipv6_access_type": "",
                "ipv6_address": "",
                "name": "nic0",
                "network": "https://www.googleapis.com/compute/v1/projects/fsds-461704/global/networks/default",
                "network_ip": "10.128.0.12",
                "nic_type": "",
                "queue_count": 0,
                "stack_type": "IPV4_ONLY",
                "subnetwork": "https://www.googleapis.com/compute/v1/projects/fsds-461704/regions/us-central1/subnetworks/default",
                "subnetwork_project": "fsds-461704"
              }
            ],
            "network_performance_config": [],
            "params": [],
            "project": "fsds-461704",
            "reservation_affinity": [],
            "resource_policies": [],
            "scheduling": [
              {
                "automatic_restart": true,
                "instance_termination_action": "",
                "local_ssd_recovery_timeout": [],
                "min_node_cpus": 0,
                "node_affinities": [],
                "on_host_maintenance": "MIGRATE",
                "preemptible": false,
                "provisioning_model": "STANDARD"
              }
            ],
            "scratch_disk": [],
            "self_link": "https://www.googleapis.com/compute/v1/projects/fsds-461704/zones/us-central1-a/instances/jenkins-asl",
            "service_account": [],
            "shielded_instance_config": [
              {
                "enable_integrity_monitoring": true,
                "enable_secure_boot": false,
                "enable_vtpm": true
              }
            ],
            "tags": [
              "jenkins"
            ],
            "tags_fingerprint": "4l7--0t2PzY=",
            "timeouts": null,
            "zone": "us-central1-a"
          },
          "sensitive_attributes": [],
          "private": "eyJlMmJmYjczMC1lY2FhLTExZTYtOGY4OC0zNDM2M2JjN2M0YzAiOnsiY3JlYXRlIjoxMjAwMDAwMDAwMDAwLCJkZWxldGUiOjEyMDAwMDAwMDAwMDAsInVwZGF0ZSI6MTIwMDAwMDAwMDAwMH0sInNjaGVtYV92ZXJzaW9uIjoiNiJ9"
        }
      ]
    },
    {
      "mode": "managed",
      "type": "google_container_cluster",
      "name": "asl-cluster",
      "provider": "provider[\"registry.terraform.io/hashicorp/google\"]",
      "instances": [
        {
          "schema_version": 1,
          "attributes": {
            "addons_config": [
              {
                "cloudrun_config": [],
                "config_connector_config": [],
                "dns_cache_config": [],
                "gce_persistent_disk_csi_driver_config": [
                  {
                    "enabled": true
                  }
                ],
                "gcp_filestore_csi_driver_config": [],
                "gcs_fuse_csi_driver_config": [],
                "gke_backup_agent_config": [],
                "horizontal_pod_autoscaling": [],
                "http_load_balancing": [],
                "network_policy_config": [
                  {
                    "disabled": true
                  }
                ]
              }
            ],
            "allow_net_admin": null,
            "authenticator_groups_config": [],
            "binary_authorization": [
              {
                "enabled": false,
                "evaluation_mode": ""
              }
            ],
            "cluster_autoscaling": [
              {
                "auto_provisioning_defaults": [],
                "enabled": false,
                "resource_limits": []
              }
            ],
            "cluster_ipv4_cidr": "10.0.0.0/14",
            "confidential_nodes": [],
            "cost_management_config": [],
            "database_encryption": [
              {
                "key_name": "",
                "state": "DECRYPTED"
              }
            ],
            "datapath_provider": "",
            "default_max_pods_per_node": null,
            "default_snat_status": [
              {
                "disabled": false
              }
            ],
            "description": "",
            "dns_config": [],
            "enable_autopilot": false,
            "enable_binary_authorization": false,
            "enable_intranode_visibility": false,
            "enable_k8s_beta_apis": [],
            "enable_kubernetes_alpha": false,
            "enable_l4_ilb_subsetting": false,
            "enable_legacy_abac": false,
            "enable_shielded_nodes": true,
            "enable_tpu": false,
            "endpoint": "34.71.152.249",
            "gateway_api_config": [],
            "id": "projects/fsds-461704/locations/us-central1/clusters/asl-cluster",
            "initial_node_count": 1,
            "ip_allocation_policy": [],
            "label_fingerprint": "a9dc16a7",
            "location": "us-central1",
            "logging_config": [
              {
                "enable_components": [
                  "SYSTEM_COMPONENTS",
                  "WORKLOADS"
                ]
              }
            ],
            "logging_service": "logging.googleapis.com/kubernetes",
            "maintenance_policy": [],
            "master_auth": [
              {
                "client_certificate": "",
                "client_certificate_config": [
                  {
                    "issue_client_certificate": false
                  }
                ],
                "client_key": "",
                "cluster_ca_certificate": "LS0tLS1CRUdJTiBDRVJUSUZJQ0FURS0tLS0tCk1JSUVMRENDQXBTZ0F3SUJBZ0lRTWZnZGgzZ05JZlg3WDlVMzdPYWRKVEFOQmdrcWhraUc5dzBCQVFzRkFEQXYKTVMwd0t3WURWUVFERXlSbVlXVTFabVJtTnkwMlpUQmxMVFF4TmprdFlqRXdZUzFtTlRCbFl6SXpaakJrTjJNdwpJQmNOTWpVd05qSTNNVGt6T0RFNFdoZ1BNakExTlRBMk1qQXlNRE00TVRoYU1DOHhMVEFyQmdOVkJBTVRKR1poClpUVm1aR1kzTFRabE1HVXROREUyT1MxaU1UQmhMV1kxTUdWak1qTm1NR1EzWXpDQ0FhSXdEUVlKS29aSWh2Y04KQVFFQkJRQURnZ0dQQURDQ0FZb0NnZ0dCQUt1V0Q5NThLbENTK255dnM5aUdlanM3ZTI3ZFVhalIrK09ZRS9zUgp5NWs0d2VpL3NXcVRPZkROeXowVDlYZGh1anlYZDQrRTdqbk9GSENGbjgzdlFnaXFxY0J3ajNpZTgwc2FZOXRICnpGUnovZVZvUnB1cnhZS1RpSVg0M1VyTjhTUGh2TDBZSmZ4ckZNVHNsV0pYdkhxT1dWekpQcFlCVkQyUXNORzUKQVRWbG5yc0o5dXhtdG1vOTZGWlNyRG4xMmNpaWZ2aUVnZVJ2cUFXK25zQjNVK0l2aHRXK3d2c3BQM2trdHVPQgpBazhEZWQyREVrTDVaYlJVV3M5TUJYeklidUltYnM0bC9uVVdEMi9qaU5hbXhQbExUc2NlaFNwVnJvbDVhcm92CmQwK0NhL25KRHhrc05yL2ZrN1BoSEs4aE9zTGgyS0VOdnNiRFpXYXhKVzRMLzNqejFkUG8yQm5BRU5ydUREcnoKR1F2MUw1ZkxkWGRnaHdxSjdNaFh3VWV0R0F2bUdMc3VBRStyRkRlcWlkM01xUnozL00zem02dVVQMVl4QXlqNwpRYVJ2aTFJeWZneXh5QXNMeXlQWW5jNm95Zk1PcnNQREFVOU4wMzh5c1pQZWpWU1hWY1FCMnM1dWxMajQ5SzdtCjA4V0JwVVZ4OUZZbWpraUVBZXVVNEpVVE5RSURBUUFCbzBJd1FEQU9CZ05WSFE4QkFmOEVCQU1DQWdRd0R3WUQKVlIwVEFRSC9CQVV3QXdFQi96QWRCZ05WSFE0RUZnUVVBQUNUVnhJQVZ1SUJ2VC9wUG9oaTlVUjhUUXd3RFFZSgpLb1pJaHZjTkFRRUxCUUFEZ2dHQkFDTXpzeHJkd2hFOWkrRVJFQ2RGOERDVWJhMTVSandnakczSUY2ZXVjenIwCjBQYjJ4RHI1ZDF3cVRGK1ZRYU85MTRUTndpdHNleS9nT3J2U25xZWRDRnJvaWJGNFNNNlB2akJqWjZaclhYc0wKTDZrQVFiMmNCcDUzTHlSRUFoRENPM0g5QzgwR2p1TnJyRmh5cWpYQURsRmZadkFrUjNPd2FJbTRyK0xySUtDRQpaUUdsOGoyTW5rLzBqeThjdTl5eS9QT0ZoR21OT3J1WDlWZ1E4cnpoVGphbjVqaTZsR0YvcktQZ1czTVVhNG9GCjd6R1pOUGEzVUtDeDg2S0Y3SVBrU0NvRFI1SU4xWXpWeVpIZHNEczJ4MDE3SjhSaEV0ZUpCYzBhT1NhSU9WMWYKZTlZZGhSVjQ1d1BJQkpBOVFId04xU3I5YWN6ZHlLQTJQYVUwajJEdXNrMXRqN2Yrdnl1dzlIL3pNYi93WSs5OQp1NVBDb09acVNNZURDMExkZTd4VWVFVnFkbUNZdDNPRk9sV0Y4UXJod05icUtYZU1aRlZlbHdZbWlreEdGYU1hClRWZEFSTDVLcTM3S0JKczZKWXQ3aFZ5b2U3Z3oxWmlFaWEybHFETWVZdG9tdVllVWJZeHFrS1BFb3cxcXNCVHIKczNVYkN2b0Z4TCtKWVBHenIza0ZUZz09Ci0tLS0tRU5EIENFUlRJRklDQVRFLS0tLS0K"
              }
            ],
            "master_authorized_networks_config": [],
            "master_version": "1.32.4-gke.1415000",
            "mesh_certificates": [],
            "min_master_version": null,
            "monitoring_config": [
              {
                "advanced_datapath_observability_config": [
                  {
                    "enable_metrics": false,
                    "relay_mode": ""
                  }
                ],
                "enable_components": [
                  "SYSTEM_COMPONENTS",
                  "DEPLOYMENT",
                  "STATEFULSET",
                  "JOBSET",
                  "STORAGE",
                  "HPA",
                  "POD",
                  "DAEMONSET",
                  "KUBELET",
                  "CADVISOR",
                  "DCGM"
                ],
                "managed_prometheus": [
                  {
                    "enabled": true
                  }
                ]
              }
            ],
            "monitoring_service": "monitoring.googleapis.com/kubernetes",
            "name": "asl-cluster",
            "network": "projects/fsds-461704/global/networks/default",
            "network_policy": [
              {
                "enabled": false,
                "provider": "PROVIDER_UNSPECIFIED"
              }
            ],
            "networking_mode": "ROUTES",
            "node_config": [
              {
                "advanced_machine_features": [],
                "boot_disk_kms_key": "",
                "confidential_nodes": [],
                "disk_size_gb": 200,
                "disk_type": "pd-standard",
                "ephemeral_storage_local_ssd_config": [],
                "fast_socket": [],
                "gcfs_config": [],
                "guest_accelerator": [],
                "gvnic": [],
                "host_maintenance_policy": [],
                "image_type": "COS_CONTAINERD",
                "kubelet_config": [
                  {
                    "cpu_cfs_quota": false,
                    "cpu_cfs_quota_period": "",
                    "cpu_manager_policy": "",
                    "pod_pids_limit": 0
                  }
                ],
                "labels": {},
                "linux_node_config": [],
                "local_nvme_ssd_block_config": [],
                "local_ssd_count": 0,
                "logging_variant": "DEFAULT",
                "machine_type": "e2-standard-2",
                "metadata": {
                  "disable-legacy-endpoints": "true"
                },
                "min_cpu_platform": "",
                "node_group": "",
                "oauth_scopes": [
                  "https://www.googleapis.com/auth/devstorage.read_only",
                  "https://www.googleapis.com/auth/logging.write",
                  "https://www.googleapis.com/auth/monitoring",
                  "https://www.googleapis.com/auth/service.management.readonly",
                  "https://www.googleapis.com/auth/servicecontrol",
                  "https://www.googleapis.com/auth/trace.append"
                ],
                "preemptible": false,
                "reservation_affinity": [],
                "resource_labels": {
                  "goog-gke-node-pool-provisioning-model": "on-demand"
                },
                "service_account": "default",
                "shielded_instance_config": [
                  {
                    "enable_integrity_monitoring": true,
                    "enable_secure_boot": false
                  }
                ],
                "sole_tenant_config": [],
                "spot": false,
                "tags": null,
                "taint": [],
                "workload_metadata_config": []
              }
            ],
            "node_locations": [
              "us-central1-a",
              "us-central1-b",
              "us-central1-c"
            ],
            "node_pool": [
              {
                "autoscaling": [],
                "initial_node_count": 1,
                "instance_group_urls": [
                  "https://www.googleapis.com/compute/v1/projects/fsds-461704/zones/us-central1-b/instanceGroupManagers/gke-asl-cluster-default-pool-28cfc42b-grp",
                  "https://www.googleapis.com/compute/v1/projects/fsds-461704/zones/us-central1-c/instanceGroupManagers/gke-asl-cluster-default-pool-0d3fe73d-grp",
                  "https://www.googleapis.com/compute/v1/projects/fsds-461704/zones/us-central1-a/instanceGroupManagers/gke-asl-cluster-default-pool-71003930-grp"
                ],
                "managed_instance_group_urls": [
                  "https://www.googleapis.com/compute/v1/projects/fsds-461704/zones/us-central1-b/instanceGroups/gke-asl-cluster-default-pool-28cfc42b-grp",
                  "https://www.googleapis.com/compute/v1/projects/fsds-461704/zones/us-central1-c/instanceGroups/gke-asl-cluster-default-pool-0d3fe73d-grp",
                  "https://www.googleapis.com/compute/v1/projects/fsds-461704/zones/us-central1-a/instanceGroups/gke-asl-cluster-default-pool-71003930-grp"
                ],
                "management": [
                  {
                    "auto_repair": true,
                    "auto_upgrade": true
                  }
                ],
                "max_pods_per_node": 0,
                "name": "default-pool",
                "name_prefix": "",
                "network_config": [],
                "node_config": [
                  {
                    "advanced_machine_features": [],
                    "boot_disk_kms_key": "",
                    "confidential_nodes": [],
                    "disk_size_gb": 200,
                    "disk_type": "pd-standard",
                    "ephemeral_storage_local_ssd_config": [],
                    "fast_socket": [],
                    "gcfs_config": [],
                    "guest_accelerator": [],
                    "gvnic": [],
                    "host_maintenance_policy": [],
                    "image_type": "COS_CONTAINERD",
                    "kubelet_config": [
                      {
                        "cpu_cfs_quota": false,
                        "cpu_cfs_quota_period": "",
                        "cpu_manager_policy": "",
                        "pod_pids_limit": 0
                      }
                    ],
                    "labels": {},
                    "linux_node_config": [],
                    "local_nvme_ssd_block_config": [],
                    "local_ssd_count": 0,
                    "logging_variant": "DEFAULT",
                    "machine_type": "e2-standard-2",
                    "metadata": {
                      "disable-legacy-endpoints": "true"
                    },
                    "min_cpu_platform": "",
                    "node_group": "",
                    "oauth_scopes": [
                      "https://www.googleapis.com/auth/devstorage.read_only",
                      "https://www.googleapis.com/auth/logging.write",
                      "https://www.googleapis.com/auth/monitoring",
                      "https://www.googleapis.com/auth/service.management.readonly",
                      "https://www.googleapis.com/auth/servicecontrol",
                      "https://www.googleapis.com/auth/trace.append"
                    ],
                    "preemptible": false,
                    "reservation_affinity": [],
                    "resource_labels": {
                      "goog-gke-node-pool-provisioning-model": "on-demand"
                    },
                    "service_account": "default",
                    "shielded_instance_config": [
                      {
                        "enable_integrity_monitoring": true,
                        "enable_secure_boot": false
                      }
                    ],
                    "sole_tenant_config": [],
                    "spot": false,
                    "tags": [],
                    "taint": [],
                    "workload_metadata_config": []
                  }
                ],
                "node_count": 1,
                "node_locations": [
                  "us-central1-a",
                  "us-central1-b",
                  "us-central1-c"
                ],
                "placement_policy": [],
                "upgrade_settings": [
                  {
                    "blue_green_settings": [],
                    "max_surge": 1,
                    "max_unavailable": 0,
                    "strategy": "SURGE"
                  }
                ],
                "version": "1.32.4-gke.1415000"
              }
            ],
            "node_pool_auto_config": [
              {
                "network_tags": null
              }
            ],
            "node_pool_defaults": [
              {
                "node_config_defaults": [
                  {
                    "logging_variant": "DEFAULT"
                  }
                ]
              }
            ],
            "node_version": "1.32.4-gke.1415000",
            "notification_config": [
              {
                "pubsub": [
                  {
                    "enabled": false,
                    "filter": [],
                    "topic": ""
                  }
                ]
              }
            ],
            "operation": null,
            "private_cluster_config": [
              {
                "enable_private_endpoint": false,
                "enable_private_nodes": false,
                "master_global_access_config": [
                  {
                    "enabled": false
                  }
                ],
                "master_ipv4_cidr_block": "",
                "peering_name": "",
                "private_endpoint": "10.128.0.36",
                "private_endpoint_subnetwork": "",
                "public_endpoint": "34.71.152.249"
              }
            ],
            "private_ipv6_google_access": "",
            "project": "fsds-461704",
            "release_channel": [
              {
                "channel": "REGULAR"
              }
            ],
            "remove_default_node_pool": null,
            "resource_labels": null,
            "resource_usage_export_config": [],
            "security_posture_config": [
              {
                "mode": "BASIC",
                "vulnerability_mode": "VULNERABILITY_MODE_UNSPECIFIED"
              }
            ],
            "self_link": "https://container.googleapis.com/v1/projects/fsds-461704/locations/us-central1/clusters/asl-cluster",
            "service_external_ips_config": [
              {
                "enabled": false
              }
            ],
            "services_ipv4_cidr": "10.3.240.0/20",
            "subnetwork": "projects/fsds-461704/regions/us-central1/subnetworks/default",
            "timeouts": null,
            "tpu_ipv4_cidr_block": "",
            "vertical_pod_autoscaling": [],
            "workload_identity_config": []
          },
          "sensitive_attributes": [],
          "private": "eyJlMmJmYjczMC1lY2FhLTExZTYtOGY4OC0zNDM2M2JjN2M0YzAiOnsiY3JlYXRlIjoyNDAwMDAwMDAwMDAwLCJkZWxldGUiOjI0MDAwMDAwMDAwMDAsInJlYWQiOjI0MDAwMDAwMDAwMDAsInVwZGF0ZSI6MzYwMDAwMDAwMDAwMH0sInNjaGVtYV92ZXJzaW9uIjoiMSJ9"
        }
      ]
    }
  ],
  "check_results": null
}
